// !$*UTF8*$!
{
	archiveVersion = 1;
	classes = {
	};
	objectVersion = 51;
	objects = {

/* Begin PBXBuildFile section */
		B423022E26B2EDFA005A7D19 /* UpComingTableViewCell.swift in Sources */ = {isa = PBXBuildFile; fileRef = B423022D26B2EDFA005A7D19 /* UpComingTableViewCell.swift */; };
		B423023026B32B69005A7D19 /* SearchBarTableViewCell.swift in Sources */ = {isa = PBXBuildFile; fileRef = B423022F26B32B69005A7D19 /* SearchBarTableViewCell.swift */; };
		B44160F726B21B5400E9B3AC /* NowPlayingCollectionViewCell.swift in Sources */ = {isa = PBXBuildFile; fileRef = B44160F626B21B5400E9B3AC /* NowPlayingCollectionViewCell.swift */; };
		B4651DA426B3E5C0006DE011 /* Helper.swift in Sources */ = {isa = PBXBuildFile; fileRef = B4651DA326B3E5C0006DE011 /* Helper.swift */; };
		B47F2DB826B186E60046F087 /* Constants.swift in Sources */ = {isa = PBXBuildFile; fileRef = B47F2DB726B186E60046F087 /* Constants.swift */; };
		B47F2DBB26B188E10046F087 /* Service.swift in Sources */ = {isa = PBXBuildFile; fileRef = B47F2DBA26B188E10046F087 /* Service.swift */; };
		B47F2DBD26B18E000046F087 /* MoviesData.swift in Sources */ = {isa = PBXBuildFile; fileRef = B47F2DBC26B18E000046F087 /* MoviesData.swift */; };
		B4A7680926B15A1100A2B433 /* AppDelegate.swift in Sources */ = {isa = PBXBuildFile; fileRef = B4A7680826B15A1100A2B433 /* AppDelegate.swift */; };
		B4A7680B26B15A1100A2B433 /* SceneDelegate.swift in Sources */ = {isa = PBXBuildFile; fileRef = B4A7680A26B15A1100A2B433 /* SceneDelegate.swift */; };
		B4A7680D26B15A1100A2B433 /* MoviesListViewController.swift in Sources */ = {isa = PBXBuildFile; fileRef = B4A7680C26B15A1100A2B433 /* MoviesListViewController.swift */; };
		B4A7681026B15A1100A2B433 /* Main.storyboard in Resources */ = {isa = PBXBuildFile; fileRef = B4A7680E26B15A1100A2B433 /* Main.storyboard */; };
		B4A7681226B15A1200A2B433 /* Assets.xcassets in Resources */ = {isa = PBXBuildFile; fileRef = B4A7681126B15A1200A2B433 /* Assets.xcassets */; };
		B4A7681526B15A1200A2B433 /* LaunchScreen.storyboard in Resources */ = {isa = PBXBuildFile; fileRef = B4A7681326B15A1200A2B433 /* LaunchScreen.storyboard */; };
		B4F7F0F526B351B400B94E77 /* MoviesDetailViewController.swift in Sources */ = {isa = PBXBuildFile; fileRef = B4F7F0F426B351B400B94E77 /* MoviesDetailViewController.swift */; };
		B4F7F0F926B3889300B94E77 /* SimilarMoviesCollectionViewCell.swift in Sources */ = {isa = PBXBuildFile; fileRef = B4F7F0F826B3889300B94E77 /* SimilarMoviesCollectionViewCell.swift */; };
		ED81F366EA8714B6892351C2 /* Pods_MoviesApp.framework in Frameworks */ = {isa = PBXBuildFile; fileRef = 735E856A6EAB54E4F0EA781B /* Pods_MoviesApp.framework */; };
/* End PBXBuildFile section */

/* Begin PBXFileReference section */
		46CD48EF82CD80F793BC2A4C /* Pods-MoviesApp.debug.xcconfig */ = {isa = PBXFileReference; includeInIndex = 1; lastKnownFileType = text.xcconfig; name = "Pods-MoviesApp.debug.xcconfig"; path = "Target Support Files/Pods-MoviesApp/Pods-MoviesApp.debug.xcconfig"; sourceTree = "<group>"; };
		735E856A6EAB54E4F0EA781B /* Pods_MoviesApp.framework */ = {isa = PBXFileReference; explicitFileType = wrapper.framework; includeInIndex = 0; path = Pods_MoviesApp.framework; sourceTree = BUILT_PRODUCTS_DIR; };
		B423022D26B2EDFA005A7D19 /* UpComingTableViewCell.swift */ = {isa = PBXFileReference; lastKnownFileType = sourcecode.swift; path = UpComingTableViewCell.swift; sourceTree = "<group>"; };
		B423022F26B32B69005A7D19 /* SearchBarTableViewCell.swift */ = {isa = PBXFileReference; lastKnownFileType = sourcecode.swift; path = SearchBarTableViewCell.swift; sourceTree = "<group>"; };
		B44160F626B21B5400E9B3AC /* NowPlayingCollectionViewCell.swift */ = {isa = PBXFileReference; lastKnownFileType = sourcecode.swift; path = NowPlayingCollectionViewCell.swift; sourceTree = "<group>"; };
		B4651DA326B3E5C0006DE011 /* Helper.swift */ = {isa = PBXFileReference; lastKnownFileType = sourcecode.swift; path = Helper.swift; sourceTree = "<group>"; };
		B47F2DB726B186E60046F087 /* Constants.swift */ = {isa = PBXFileReference; lastKnownFileType = sourcecode.swift; path = Constants.swift; sourceTree = "<group>"; };
		B47F2DBA26B188E10046F087 /* Service.swift */ = {isa = PBXFileReference; lastKnownFileType = sourcecode.swift; path = Service.swift; sourceTree = "<group>"; };
		B47F2DBC26B18E000046F087 /* MoviesData.swift */ = {isa = PBXFileReference; lastKnownFileType = sourcecode.swift; path = MoviesData.swift; sourceTree = "<group>"; };
		B4A7680526B15A1100A2B433 /* MoviesApp.app */ = {isa = PBXFileReference; explicitFileType = wrapper.application; includeInIndex = 0; path = MoviesApp.app; sourceTree = BUILT_PRODUCTS_DIR; };
		B4A7680826B15A1100A2B433 /* AppDelegate.swift */ = {isa = PBXFileReference; lastKnownFileType = sourcecode.swift; path = AppDelegate.swift; sourceTree = "<group>"; };
		B4A7680A26B15A1100A2B433 /* SceneDelegate.swift */ = {isa = PBXFileReference; lastKnownFileType = sourcecode.swift; path = SceneDelegate.swift; sourceTree = "<group>"; };
		B4A7680C26B15A1100A2B433 /* MoviesListViewController.swift */ = {isa = PBXFileReference; lastKnownFileType = sourcecode.swift; path = MoviesListViewController.swift; sourceTree = "<group>"; };
		B4A7680F26B15A1100A2B433 /* Base */ = {isa = PBXFileReference; lastKnownFileType = file.storyboard; name = Base; path = Base.lproj/Main.storyboard; sourceTree = "<group>"; };
		B4A7681126B15A1200A2B433 /* Assets.xcassets */ = {isa = PBXFileReference; lastKnownFileType = folder.assetcatalog; path = Assets.xcassets; sourceTree = "<group>"; };
		B4A7681426B15A1200A2B433 /* Base */ = {isa = PBXFileReference; lastKnownFileType = file.storyboard; name = Base; path = Base.lproj/LaunchScreen.storyboard; sourceTree = "<group>"; };
		B4A7681626B15A1200A2B433 /* Info.plist */ = {isa = PBXFileReference; lastKnownFileType = text.plist.xml; path = Info.plist; sourceTree = "<group>"; };
		B4F7F0F426B351B400B94E77 /* MoviesDetailViewController.swift */ = {isa = PBXFileReference; lastKnownFileType = sourcecode.swift; path = MoviesDetailViewController.swift; sourceTree = "<group>"; };
		B4F7F0F826B3889300B94E77 /* SimilarMoviesCollectionViewCell.swift */ = {isa = PBXFileReference; lastKnownFileType = sourcecode.swift; path = SimilarMoviesCollectionViewCell.swift; sourceTree = "<group>"; };
		CF5ECA7F6F44AB54ADFACF5D /* Pods-MoviesApp.release.xcconfig */ = {isa = PBXFileReference; includeInIndex = 1; lastKnownFileType = text.xcconfig; name = "Pods-MoviesApp.release.xcconfig"; path = "Target Support Files/Pods-MoviesApp/Pods-MoviesApp.release.xcconfig"; sourceTree = "<group>"; };
/* End PBXFileReference section */

/* Begin PBXFrameworksBuildPhase section */
		B4A7680226B15A1100A2B433 /* Frameworks */ = {
			isa = PBXFrameworksBuildPhase;
			buildActionMask = 2147483647;
			files = (
				ED81F366EA8714B6892351C2 /* Pods_MoviesApp.framework in Frameworks */,
			);
			runOnlyForDeploymentPostprocessing = 0;
		};
/* End PBXFrameworksBuildPhase section */

/* Begin PBXGroup section */
		583AA67F5B95A963E7150B1B /* Pods */ = {
			isa = PBXGroup;
			children = (
				46CD48EF82CD80F793BC2A4C /* Pods-MoviesApp.debug.xcconfig */,
				CF5ECA7F6F44AB54ADFACF5D /* Pods-MoviesApp.release.xcconfig */,
			);
			path = Pods;
			sourceTree = "<group>";
		};
		B4651DA226B3E5AD006DE011 /* Helper */ = {
			isa = PBXGroup;
			children = (
				B4651DA326B3E5C0006DE011 /* Helper.swift */,
			);
			name = Helper;
			sourceTree = "<group>";
		};
		B47F2DB326B1847C0046F087 /* View */ = {
			isa = PBXGroup;
			children = (
				B4A7680E26B15A1100A2B433 /* Main.storyboard */,
			);
			path = View;
			sourceTree = "<group>";
		};
		B47F2DB426B184850046F087 /* Controller */ = {
			isa = PBXGroup;
			children = (
				B4A7680C26B15A1100A2B433 /* MoviesListViewController.swift */,
				B44160F626B21B5400E9B3AC /* NowPlayingCollectionViewCell.swift */,
				B423022D26B2EDFA005A7D19 /* UpComingTableViewCell.swift */,
				B423022F26B32B69005A7D19 /* SearchBarTableViewCell.swift */,
				B4F7F0F426B351B400B94E77 /* MoviesDetailViewController.swift */,
				B4F7F0F826B3889300B94E77 /* SimilarMoviesCollectionViewCell.swift */,
			);
			path = Controller;
			sourceTree = "<group>";
		};
		B47F2DB526B1848E0046F087 /* Model */ = {
			isa = PBXGroup;
			children = (
				B47F2DBC26B18E000046F087 /* MoviesData.swift */,
			);
			path = Model;
			sourceTree = "<group>";
		};
		B47F2DB626B186B80046F087 /* Utils */ = {
			isa = PBXGroup;
			children = (
				B47F2DB726B186E60046F087 /* Constants.swift */,
			);
			name = Utils;
			sourceTree = "<group>";
		};
		B47F2DB926B188900046F087 /* Services */ = {
			isa = PBXGroup;
			children = (
				B47F2DBA26B188E10046F087 /* Service.swift */,
			);
			name = Services;
			sourceTree = "<group>";
		};
		B4A767FC26B15A1100A2B433 = {
			isa = PBXGroup;
			children = (
				B4A7680726B15A1100A2B433 /* MoviesApp */,
				B4A7680626B15A1100A2B433 /* Products */,
				583AA67F5B95A963E7150B1B /* Pods */,
				EF35B9009860FE90564E3ECC /* Frameworks */,
			);
			sourceTree = "<group>";
		};
		B4A7680626B15A1100A2B433 /* Products */ = {
			isa = PBXGroup;
			children = (
				B4A7680526B15A1100A2B433 /* MoviesApp.app */,
			);
			name = Products;
			sourceTree = "<group>";
		};
		B4A7680726B15A1100A2B433 /* MoviesApp */ = {
			isa = PBXGroup;
			children = (
				B4A7680826B15A1100A2B433 /* AppDelegate.swift */,
				B4A7680A26B15A1100A2B433 /* SceneDelegate.swift */,
				B47F2DB526B1848E0046F087 /* Model */,
				B47F2DB426B184850046F087 /* Controller */,
				B47F2DB326B1847C0046F087 /* View */,
				B47F2DB926B188900046F087 /* Services */,
				B47F2DB626B186B80046F087 /* Utils */,
				B4651DA226B3E5AD006DE011 /* Helper */,
				B4A7681126B15A1200A2B433 /* Assets.xcassets */,
				B4A7681326B15A1200A2B433 /* LaunchScreen.storyboard */,
				B4A7681626B15A1200A2B433 /* Info.plist */,
			);
			path = MoviesApp;
			sourceTree = "<group>";
		};
		EF35B9009860FE90564E3ECC /* Frameworks */ = {
			isa = PBXGroup;
			children = (
				735E856A6EAB54E4F0EA781B /* Pods_MoviesApp.framework */,
			);
			name = Frameworks;
			sourceTree = "<group>";
		};
/* End PBXGroup section */

/* Begin PBXNativeTarget section */
		B4A7680426B15A1100A2B433 /* MoviesApp */ = {
			isa = PBXNativeTarget;
			buildConfigurationList = B4A7681926B15A1200A2B433 /* Build configuration list for PBXNativeTarget "MoviesApp" */;
			buildPhases = (
				10EF0EB656431DAA30022D53 /* [CP] Check Pods Manifest.lock */,
				B4A7680126B15A1100A2B433 /* Sources */,
				B4A7680226B15A1100A2B433 /* Frameworks */,
				B4A7680326B15A1100A2B433 /* Resources */,
				B8C9CAC946986F43420E223C /* [CP] Embed Pods Frameworks */,
			);
			buildRules = (
			);
			dependencies = (
			);
			name = MoviesApp;
			productName = MoviesApp;
			productReference = B4A7680526B15A1100A2B433 /* MoviesApp.app */;
			productType = "com.apple.product-type.application";
		};
/* End PBXNativeTarget section */

/* Begin PBXProject section */
		B4A767FD26B15A1100A2B433 /* Project object */ = {
			isa = PBXProject;
			attributes = {
				LastSwiftUpdateCheck = 1250;
				LastUpgradeCheck = 1250;
				TargetAttributes = {
					B4A7680426B15A1100A2B433 = {
						CreatedOnToolsVersion = 12.5.1;
					};
				};
			};
			buildConfigurationList = B4A7680026B15A1100A2B433 /* Build configuration list for PBXProject "MoviesApp" */;
			compatibilityVersion = "Xcode 9.3";
			developmentRegion = en;
			hasScannedForEncodings = 0;
			knownRegions = (
				en,
				Base,
			);
			mainGroup = B4A767FC26B15A1100A2B433;
			productRefGroup = B4A7680626B15A1100A2B433 /* Products */;
			projectDirPath = "";
			projectRoot = "";
			targets = (
				B4A7680426B15A1100A2B433 /* MoviesApp */,
			);
		};
/* End PBXProject section */

/* Begin PBXResourcesBuildPhase section */
		B4A7680326B15A1100A2B433 /* Resources */ = {
			isa = PBXResourcesBuildPhase;
			buildActionMask = 2147483647;
			files = (
				B4A7681526B15A1200A2B433 /* LaunchScreen.storyboard in Resources */,
				B4A7681226B15A1200A2B433 /* Assets.xcassets in Resources */,
				B4A7681026B15A1100A2B433 /* Main.storyboard in Resources */,
			);
			runOnlyForDeploymentPostprocessing = 0;
		};
/* End PBXResourcesBuildPhase section */

/* Begin PBXShellScriptBuildPhase section */
		10EF0EB656431DAA30022D53 /* [CP] Check Pods Manifest.lock */ = {
			isa = PBXShellScriptBuildPhase;
			buildActionMask = 2147483647;
			files = (
			);
			inputFileListPaths = (
			);
			inputPaths = (
				"${PODS_PODFILE_DIR_PATH}/Podfile.lock",
				"${PODS_ROOT}/Manifest.lock",
			);
			name = "[CP] Check Pods Manifest.lock";
			outputFileListPaths = (
			);
			outputPaths = (
				"$(DERIVED_FILE_DIR)/Pods-MoviesApp-checkManifestLockResult.txt",
			);
			runOnlyForDeploymentPostprocessing = 0;
			shellPath = /bin/sh;
			shellScript = "diff \"${PODS_PODFILE_DIR_PATH}/Podfile.lock\" \"${PODS_ROOT}/Manifest.lock\" > /dev/null\nif [ $? != 0 ] ; then\n    # print error to STDERR\n    echo \"error: The sandbox is not in sync with the Podfile.lock. Run 'pod install' or update your CocoaPods installation.\" >&2\n    exit 1\nfi\n# This output is used by Xcode 'outputs' to avoid re-running this script phase.\necho \"SUCCESS\" > \"${SCRIPT_OUTPUT_FILE_0}\"\n";
			showEnvVarsInLog = 0;
		};
		B8C9CAC946986F43420E223C /* [CP] Embed Pods Frameworks */ = {
			isa = PBXShellScriptBuildPhase;
			buildActionMask = 2147483647;
			files = (
			);
			inputFileListPaths = (
				"${PODS_ROOT}/Target Support Files/Pods-MoviesApp/Pods-MoviesApp-frameworks-${CONFIGURATION}-input-files.xcfilelist",
			);
			name = "[CP] Embed Pods Frameworks";
			outputFileListPaths = (
				"${PODS_ROOT}/Target Support Files/Pods-MoviesApp/Pods-MoviesApp-frameworks-${CONFIGURATION}-output-files.xcfilelist",
			);
			runOnlyForDeploymentPostprocessing = 0;
			shellPath = /bin/sh;
			shellScript = "\"${PODS_ROOT}/Target Support Files/Pods-MoviesApp/Pods-MoviesApp-frameworks.sh\"\n";
			showEnvVarsInLog = 0;
		};
/* End PBXShellScriptBuildPhase section */

/* Begin PBXSourcesBuildPhase section */
		B4A7680126B15A1100A2B433 /* Sources */ = {
			isa = PBXSourcesBuildPhase;
			buildActionMask = 2147483647;
			files = (
				B4A7680D26B15A1100A2B433 /* MoviesListViewController.swift in Sources */,
				B4651DA426B3E5C0006DE011 /* Helper.swift in Sources */,
				B4A7680926B15A1100A2B433 /* AppDelegate.swift in Sources */,
				B4F7F0F526B351B400B94E77 /* MoviesDetailViewController.swift in Sources */,
				B47F2DBB26B188E10046F087 /* Service.swift in Sources */,
				B423022E26B2EDFA005A7D19 /* UpComingTableViewCell.swift in Sources */,
				B44160F726B21B5400E9B3AC /* NowPlayingCollectionViewCell.swift in Sources */,
				B4A7680B26B15A1100A2B433 /* SceneDelegate.swift in Sources */,
				B47F2DBD26B18E000046F087 /* MoviesData.swift in Sources */,
				B47F2DB826B186E60046F087 /* Constants.swift in Sources */,
				B423023026B32B69005A7D19 /* SearchBarTableViewCell.swift in Sources */,
				B4F7F0F926B3889300B94E77 /* SimilarMoviesCollectionViewCell.swift in Sources */,
			);
			runOnlyForDeploymentPostprocessing = 0;
		};
/* End PBXSourcesBuildPhase section */

/* Begin PBXVariantGroup section */
		B4A7680E26B15A1100A2B433 /* Main.storyboard */ = {
			isa = PBXVariantGroup;
			children = (
				B4A7680F26B15A1100A2B433 /* Base */,
			);
			name = Main.storyboard;
			sourceTree = "<group>";
		};
		B4A7681326B15A1200A2B433 /* LaunchScreen.storyboard */ = {
			isa = PBXVariantGroup;
			children = (
				B4A7681426B15A1200A2B433 /* Base */,
			);
			name = LaunchScreen.storyboard;
			sourceTree = "<group>";
		};
/* End PBXVariantGroup section */

/* Begin XCBuildConfiguration section */
		B4A7681726B15A1200A2B433 /* Debug */ = {
			isa = XCBuildConfiguration;
			buildSettings = {
				ALWAYS_SEARCH_USER_PATHS = NO;
				CLANG_ANALYZER_NONNULL = YES;
				CLANG_ANALYZER_NUMBER_OBJECT_CONVERSION = YES_AGGRESSIVE;
				CLANG_CXX_LANGUAGE_STANDARD = "gnu++14";
				CLANG_CXX_LIBRARY = "libc++";
				CLANG_ENABLE_MODULES = YES;
				CLANG_ENABLE_OBJC_ARC = YES;
				CLANG_ENABLE_OBJC_WEAK = YES;
				CLANG_WARN_BLOCK_CAPTURE_AUTORELEASING = YES;
				CLANG_WARN_BOOL_CONVERSION = YES;
				CLANG_WARN_COMMA = YES;
				CLANG_WARN_CONSTANT_CONVERSION = YES;
				CLANG_WARN_DEPRECATED_OBJC_IMPLEMENTATIONS = YES;
				CLANG_WARN_DIRECT_OBJC_ISA_USAGE = YES_ERROR;
				CLANG_WARN_DOCUMENTATION_COMMENTS = YES;
				CLANG_WARN_EMPTY_BODY = YES;
				CLANG_WARN_ENUM_CONVERSION = YES;
				CLANG_WARN_INFINITE_RECURSION = YES;
				CLANG_WARN_INT_CONVERSION = YES;
				CLANG_WARN_NON_LITERAL_NULL_CONVERSION = YES;
				CLANG_WARN_OBJC_IMPLICIT_RETAIN_SELF = YES;
				CLANG_WARN_OBJC_LITERAL_CONVERSION = YES;
				CLANG_WARN_OBJC_ROOT_CLASS = YES_ERROR;
				CLANG_WARN_QUOTED_INCLUDE_IN_FRAMEWORK_HEADER = YES;
				CLANG_WARN_RANGE_LOOP_ANALYSIS = YES;
				CLANG_WARN_STRICT_PROTOTYPES = YES;
				CLANG_WARN_SUSPICIOUS_MOVE = YES;
				CLANG_WARN_UNGUARDED_AVAILABILITY = YES_AGGRESSIVE;
				CLANG_WARN_UNREACHABLE_CODE = YES;
				CLANG_WARN__DUPLICATE_METHOD_MATCH = YES;
				COPY_PHASE_STRIP = NO;
				DEBUG_INFORMATION_FORMAT = dwarf;
				ENABLE_STRICT_OBJC_MSGSEND = YES;
				ENABLE_TESTABILITY = YES;
				GCC_C_LANGUAGE_STANDARD = gnu11;
				GCC_DYNAMIC_NO_PIC = NO;
				GCC_NO_COMMON_BLOCKS = YES;
				GCC_OPTIMIZATION_LEVEL = 0;
				GCC_PREPROCESSOR_DEFINITIONS = (
					"DEBUG=1",
					"$(inherited)",
				);
				GCC_WARN_64_TO_32_BIT_CONVERSION = YES;
				GCC_WARN_ABOUT_RETURN_TYPE = YES_ERROR;
				GCC_WARN_UNDECLARED_SELECTOR = YES;
				GCC_WARN_UNINITIALIZED_AUTOS = YES_AGGRESSIVE;
				GCC_WARN_UNUSED_FUNCTION = YES;
				GCC_WARN_UNUSED_VARIABLE = YES;
				IPHONEOS_DEPLOYMENT_TARGET = 14.5;
				MTL_ENABLE_DEBUG_INFO = INCLUDE_SOURCE;
				MTL_FAST_MATH = YES;
				ONLY_ACTIVE_ARCH = YES;
				SDKROOT = iphoneos;
				SWIFT_ACTIVE_COMPILATION_CONDITIONS = DEBUG;
				SWIFT_OPTIMIZATION_LEVEL = "-Onone";
			};
			name = Debug;
		};
		B4A7681826B15A1200A2B433 /* Release */ = {
			isa = XCBuildConfiguration;
			buildSettings = {
				ALWAYS_SEARCH_USER_PATHS = NO;
				CLANG_ANALYZER_NONNULL = YES;
				CLANG_ANALYZER_NUMBER_OBJECT_CONVERSION = YES_AGGRESSIVE;
				CLANG_CXX_LANGUAGE_STANDARD = "gnu++14";
				CLANG_CXX_LIBRARY = "libc++";
				CLANG_ENABLE_MODULES = YES;
				CLANG_ENABLE_OBJC_ARC = YES;
				CLANG_ENABLE_OBJC_WEAK = YES;
				CLANG_WARN_BLOCK_CAPTURE_AUTORELEASING = YES;
				CLANG_WARN_BOOL_CONVERSION = YES;
				CLANG_WARN_COMMA = YES;
				CLANG_WARN_CONSTANT_CONVERSION = YES;
				CLANG_WARN_DEPRECATED_OBJC_IMPLEMENTATIONS = YES;
				CLANG_WARN_DIRECT_OBJC_ISA_USAGE = YES_ERROR;
				CLANG_WARN_DOCUMENTATION_COMMENTS = YES;
				CLANG_WARN_EMPTY_BODY = YES;
				CLANG_WARN_ENUM_CONVERSION = YES;
				CLANG_WARN_INFINITE_RECURSION = YES;
				CLANG_WARN_INT_CONVERSION = YES;
				CLANG_WARN_NON_LITERAL_NULL_CONVERSION = YES;
				CLANG_WARN_OBJC_IMPLICIT_RETAIN_SELF = YES;
				CLANG_WARN_OBJC_LITERAL_CONVERSION = YES;
				CLANG_WARN_OBJC_ROOT_CLASS = YES_ERROR;
				CLANG_WARN_QUOTED_INCLUDE_IN_FRAMEWORK_HEADER = YES;
				CLANG_WARN_RANGE_LOOP_ANALYSIS = YES;
				CLANG_WARN_STRICT_PROTOTYPES = YES;
				CLANG_WARN_SUSPICIOUS_MOVE = YES;
				CLANG_WARN_UNGUARDED_AVAILABILITY = YES_AGGRESSIVE;
				CLANG_WARN_UNREACHABLE_CODE = YES;
				CLANG_WARN__DUPLICATE_METHOD_MATCH = YES;
				COPY_PHASE_STRIP = NO;
				DEBUG_INFORMATION_FORMAT = "dwarf-with-dsym";
				ENABLE_NS_ASSERTIONS = NO;
				ENABLE_STRICT_OBJC_MSGSEND = YES;
				GCC_C_LANGUAGE_STANDARD = gnu11;
				GCC_NO_COMMON_BLOCKS = YES;
				GCC_WARN_64_TO_32_BIT_CONVERSION = YES;
				GCC_WARN_ABOUT_RETURN_TYPE = YES_ERROR;
				GCC_WARN_UNDECLARED_SELECTOR = YES;
				GCC_WARN_UNINITIALIZED_AUTOS = YES_AGGRESSIVE;
				GCC_WARN_UNUSED_FUNCTION = YES;
				GCC_WARN_UNUSED_VARIABLE = YES;
				IPHONEOS_DEPLOYMENT_TARGET = 14.5;
				MTL_ENABLE_DEBUG_INFO = NO;
				MTL_FAST_MATH = YES;
				SDKROOT = iphoneos;
				SWIFT_COMPILATION_MODE = wholemodule;
				SWIFT_OPTIMIZATION_LEVEL = "-O";
				VALIDATE_PRODUCT = YES;
			};
			name = Release;
		};
		B4A7681A26B15A1200A2B433 /* Debug */ = {
			isa = XCBuildConfiguration;
			baseConfigurationReference = 46CD48EF82CD80F793BC2A4C /* Pods-MoviesApp.debug.xcconfig */;
			buildSettings = {
				ASSETCATALOG_COMPILER_APPICON_NAME = AppIcon;
				ASSETCATALOG_COMPILER_GLOBAL_ACCENT_COLOR_NAME = AccentColor;
				CODE_SIGN_STYLE = Automatic;
				DEVELOPMENT_TEAM = X27LA96UW3;
				INFOPLIST_FILE = MoviesApp/Info.plist;
				LD_RUNPATH_SEARCH_PATHS = (
					"$(inherited)",
					"@executable_path/Frameworks",
				);
				PRODUCT_BUNDLE_IDENTIFIER = com.burhanaliskan.MoviesApp;
				PRODUCT_NAME = "$(TARGET_NAME)";
				SWIFT_VERSION = 5.0;
				TARGETED_DEVICE_FAMILY = "1,2";
			};
			name = Debug;
		};
		B4A7681B26B15A1200A2B433 /* Release */ = {
			isa = XCBuildConfiguration;
			baseConfigurationReference = CF5ECA7F6F44AB54ADFACF5D /* Pods-MoviesApp.release.xcconfig */;
			buildSettings = {
				ASSETCATALOG_COMPILER_APPICON_NAME = AppIcon;
				ASSETCATALOG_COMPILER_GLOBAL_ACCENT_COLOR_NAME = AccentColor;
				CODE_SIGN_STYLE = Automatic;
				DEVELOPMENT_TEAM = X27LA96UW3;
				INFOPLIST_FILE = MoviesApp/Info.plist;
				LD_RUNPATH_SEARCH_PATHS = (
					"$(inherited)",
					"@executable_path/Frameworks",
				);
				PRODUCT_BUNDLE_IDENTIFIER = com.burhanaliskan.MoviesApp;
				PRODUCT_NAME = "$(TARGET_NAME)";
				SWIFT_VERSION = 5.0;
				TARGETED_DEVICE_FAMILY = "1,2";
			};
			name = Release;
		};
/* End XCBuildConfiguration section */

/* Begin XCConfigurationList section */
		B4A7680026B15A1100A2B433 /* Build configuration list for PBXProject "MoviesApp" */ = {
			isa = XCConfigurationList;
			buildConfigurations = (
				B4A7681726B15A1200A2B433 /* Debug */,
				B4A7681826B15A1200A2B433 /* Release */,
			);
			defaultConfigurationIsVisible = 0;
			defaultConfigurationName = Release;
		};
		B4A7681926B15A1200A2B433 /* Build configuration list for PBXNativeTarget "MoviesApp" */ = {
			isa = XCConfigurationList;
			buildConfigurations = (
				B4A7681A26B15A1200A2B433 /* Debug */,
				B4A7681B26B15A1200A2B433 /* Release */,
			);
			defaultConfigurationIsVisible = 0;
			defaultConfigurationName = Release;
		};
/* End XCConfigurationList section */
	};
	rootObject = B4A767FD26B15A1100A2B433 /* Project object */;
}
